<?xml version="1.0" encoding="utf-8"?>
<Project ToolsVersion="4.0" xmlns="http://schemas.microsoft.com/developer/msbuild/2003">
  <ItemGroup>
    <Filter Include="shaders">
      <UniqueIdentifier>{6aa8a7b0-b1f6-42f5-ba60-af2a0d60e570}</UniqueIdentifier>
    </Filter>
    <Filter Include="resources">
      <UniqueIdentifier>{d8cd0a7d-d55d-4631-a1f6-c6d0bf452046}</UniqueIdentifier>
    </Filter>
    <Filter Include="raytracings">
      <UniqueIdentifier>{d37addf6-ebeb-477d-bc04-4c337e59866e}</UniqueIdentifier>
    </Filter>
    <Filter Include="commands">
      <UniqueIdentifier>{48754dcf-e624-4d5b-a8c2-24dd35d2662e}</UniqueIdentifier>
    </Filter>
    <Filter Include="descriptors">
      <UniqueIdentifier>{d2ba6f19-0814-4069-bf21-2708eafdb6e1}</UniqueIdentifier>
    </Filter>
    <Filter Include="pipelines">
      <UniqueIdentifier>{327f2f58-456e-41cb-8a97-856cea12834f}</UniqueIdentifier>
    </Filter>
    <Filter Include="interfaces">
      <UniqueIdentifier>{1611f7ad-a094-44da-b496-fef377d6ac82}</UniqueIdentifier>
    </Filter>
    <Filter Include="extensions">
      <UniqueIdentifier>{9c879674-ed74-44d4-b874-dbaa65c362b0}</UniqueIdentifier>
    </Filter>
    <Filter Include="devices">
      <UniqueIdentifier>{1f3ace60-345a-44d9-80ad-d05c78872bc0}</UniqueIdentifier>
    </Filter>
    <Filter Include="enums">
      <UniqueIdentifier>{54579db3-14ec-4172-87be-25a972f249b1}</UniqueIdentifier>
    </Filter>
  </ItemGroup>
  <ItemGroup>
    <ClInclude Include="utilities.hpp" />
    <ClInclude Include="commands\command_allocator.hpp">
      <Filter>commands</Filter>
    </ClInclude>
    <ClInclude Include="commands\command_list.hpp">
      <Filter>commands</Filter>
    </ClInclude>
    <ClInclude Include="commands\command_queue.hpp">
      <Filter>commands</Filter>
    </ClInclude>
    <ClInclude Include="resources\resource.hpp">
      <Filter>resources</Filter>
    </ClInclude>
    <ClInclude Include="swap_chain.hpp" />
    <ClInclude Include="descriptors\descriptor_heap.hpp">
      <Filter>descriptors</Filter>
    </ClInclude>
    <ClInclude Include="descriptors\root_signature.hpp">
      <Filter>descriptors</Filter>
    </ClInclude>
    <ClInclude Include="interfaces\wrapper.hpp">
      <Filter>interfaces</Filter>
    </ClInclude>
    <ClInclude Include="pipelines\pipeline_state.hpp">
      <Filter>pipelines</Filter>
    </ClInclude>
    <ClInclude Include="pipelines\input_assembly_info.hpp">
      <Filter>pipelines</Filter>
    </ClInclude>
    <ClInclude Include="pipelines\rasterization_info.hpp">
      <Filter>pipelines</Filter>
    </ClInclude>
    <ClInclude Include="pipelines\depth_stencil_info.hpp">
      <Filter>pipelines</Filter>
    </ClInclude>
    <ClInclude Include="pipelines\blend_info.hpp">
      <Filter>pipelines</Filter>
    </ClInclude>
    <ClInclude Include="shaders\shader_code.hpp">
      <Filter>shaders</Filter>
    </ClInclude>
    <ClInclude Include="fence.hpp" />
    <ClInclude Include="extensions\imgui.hpp">
      <Filter>extensions</Filter>
    </ClInclude>
    <ClInclude Include="resources\buffer.hpp">
      <Filter>resources</Filter>
    </ClInclude>
    <ClInclude Include="resources\texture2d.hpp">
      <Filter>resources</Filter>
    </ClInclude>
    <ClInclude Include="extensions\dxc.hpp">
      <Filter>extensions</Filter>
    </ClInclude>
    <ClInclude Include="devices\device.hpp">
      <Filter>devices</Filter>
    </ClInclude>
    <ClInclude Include="devices\adapter.hpp">
      <Filter>devices</Filter>
    </ClInclude>
    <ClInclude Include="enums\pixel_format.hpp">
      <Filter>enums</Filter>
    </ClInclude>
    <ClInclude Include="shaders\shader_creator.hpp">
      <Filter>shaders</Filter>
    </ClInclude>
    <ClInclude Include="raytracings\accleration.hpp">
      <Filter>raytracings</Filter>
    </ClInclude>
  </ItemGroup>
  <ItemGroup>
    <ClCompile Include="utilities.cpp" />
    <ClCompile Include="commands\command_allocator.cpp">
      <Filter>commands</Filter>
    </ClCompile>
    <ClCompile Include="commands\command_list.cpp">
      <Filter>commands</Filter>
    </ClCompile>
    <ClCompile Include="commands\command_queue.cpp">
      <Filter>commands</Filter>
    </ClCompile>
    <ClCompile Include="resources\resource.cpp">
      <Filter>resources</Filter>
    </ClCompile>
    <ClCompile Include="swap_chain.cpp" />
    <ClCompile Include="descriptors\descriptor_heap.cpp">
      <Filter>descriptors</Filter>
    </ClCompile>
    <ClCompile Include="descriptors\root_signature.cpp">
      <Filter>descriptors</Filter>
    </ClCompile>
    <ClCompile Include="pipelines\pipeline_state.cpp">
      <Filter>pipelines</Filter>
    </ClCompile>
    <ClCompile Include="pipelines\input_assembly_info.cpp">
      <Filter>pipelines</Filter>
    </ClCompile>
    <ClCompile Include="pipelines\rasterization_info.cpp">
      <Filter>pipelines</Filter>
    </ClCompile>
    <ClCompile Include="pipelines\depth_stencil_info.cpp">
      <Filter>pipelines</Filter>
    </ClCompile>
    <ClCompile Include="pipelines\blend_info.cpp">
      <Filter>pipelines</Filter>
    </ClCompile>
    <ClCompile Include="shaders\shader_code.cpp">
      <Filter>shaders</Filter>
    </ClCompile>
    <ClCompile Include="fence.cpp" />
    <ClCompile Include="resources\buffer.cpp">
      <Filter>resources</Filter>
    </ClCompile>
    <ClCompile Include="resources\texture2d.cpp">
      <Filter>resources</Filter>
    </ClCompile>
    <ClCompile Include="devices\device.cpp">
      <Filter>devices</Filter>
    </ClCompile>
    <ClCompile Include="devices\adapter.cpp">
      <Filter>devices</Filter>
    </ClCompile>
    <ClCompile Include="shaders\shader_creator.cpp">
      <Filter>shaders</Filter>
    </ClCompile>
    <ClCompile Include="raytracings\accleration.cpp">
      <Filter>raytracings</Filter>
    </ClCompile>
  </ItemGroup>
</Project>